
Microsoft Visual Studio Solution File, Format Version 12.00
# Visual Studio Version 17
VisualStudioVersion = 17.13.35806.99 d17.13
MinimumVisualStudioVersion = 10.0.40219.1
Project("{FAE04EC0-301F-11D3-BF4B-00C04F79EFBC}") = "EventEase_CLDV6211(ST10444488)", "EventEase_CLDV6211(ST10444488)\EventEase_CLDV6211(ST10444488).csproj", "{DDC9A54E-44FB-4237-84BD-1DAEF893E565}"
EndProject
Global
	GlobalSection(SolutionConfigurationPlatforms) = preSolution
		Debug|Any CPU = Debug|Any CPU
		Release|Any CPU = Release|Any CPU
	EndGlobalSection
	GlobalSection(ProjectConfigurationPlatforms) = postSolution
		{DDC9A54E-44FB-4237-84BD-1DAEF893E565}.Debug|Any CPU.ActiveCfg = Debug|Any CPU
		{DDC9A54E-44FB-4237-84BD-1DAEF893E565}.Debug|Any CPU.Build.0 = Debug|Any CPU
		{DDC9A54E-44FB-4237-84BD-1DAEF893E565}.Release|Any CPU.ActiveCfg = Release|Any CPU
		{DDC9A54E-44FB-4237-84BD-1DAEF893E565}.Release|Any CPU.Build.0 = Release|Any CPU
	EndGlobalSection
	GlobalSection(SolutionProperties) = preSolution
		HideSolutionNode = FALSE
	EndGlobalSection
	GlobalSection(ExtensibilityGlobals) = postSolution
		SolutionGuid = {E1621573-A6A0-4727-B85C-A6064FE2B6FA}
	EndGlobalSection
EndGlobal
